// !$*UTF8*$!
{
	archiveVersion = 1;
	classes = {
	};
	objectVersion = 48;
	objects = {

/* Begin PBXBuildFile section */
		4C63F84520044E2500276F9D /* AppDelegate.m in Sources */ = {isa = PBXBuildFile; fileRef = 4C63F84420044E2500276F9D /* AppDelegate.m */; };
		4C63F84820044E2500276F9D /* ViewController.m in Sources */ = {isa = PBXBuildFile; fileRef = 4C63F84720044E2500276F9D /* ViewController.m */; };
		4C63F84B20044E2500276F9D /* Main.storyboard in Resources */ = {isa = PBXBuildFile; fileRef = 4C63F84920044E2500276F9D /* Main.storyboard */; };
		4C63F84D20044E2500276F9D /* Assets.xcassets in Resources */ = {isa = PBXBuildFile; fileRef = 4C63F84C20044E2500276F9D /* Assets.xcassets */; };
		4C63F85020044E2500276F9D /* LaunchScreen.storyboard in Resources */ = {isa = PBXBuildFile; fileRef = 4C63F84E20044E2500276F9D /* LaunchScreen.storyboard */; };
		4C63F85320044E2500276F9D /* main.m in Sources */ = {isa = PBXBuildFile; fileRef = 4C63F85220044E2500276F9D /* main.m */; };
		4C63F85D20044E2500276F9D /* CeshiTests.m in Sources */ = {isa = PBXBuildFile; fileRef = 4C63F85C20044E2500276F9D /* CeshiTests.m */; };
		4C63F86820044E2500276F9D /* CeshiUITests.m in Sources */ = {isa = PBXBuildFile; fileRef = 4C63F86720044E2500276F9D /* CeshiUITests.m */; };
		4C6507B4204F7EA700036C7F /* YBHTTPSessionManager.m in Sources */ = {isa = PBXBuildFile; fileRef = 4C6507A4204F7EA700036C7F /* YBHTTPSessionManager.m */; };
		4C6507B5204F7EA700036C7F /* YBNetworkReachabilityManager.m in Sources */ = {isa = PBXBuildFile; fileRef = 4C6507A7204F7EA700036C7F /* YBNetworkReachabilityManager.m */; };
		4C6507B6204F7EA700036C7F /* YBSecurityPolicy.m in Sources */ = {isa = PBXBuildFile; fileRef = 4C6507A9204F7EA700036C7F /* YBSecurityPolicy.m */; };
		4C6507B7204F7EA700036C7F /* YBURLRequestSerialization.m in Sources */ = {isa = PBXBuildFile; fileRef = 4C6507AB204F7EA700036C7F /* YBURLRequestSerialization.m */; };
		4C6507B8204F7EA700036C7F /* YBURLResponseSerialization.m in Sources */ = {isa = PBXBuildFile; fileRef = 4C6507AD204F7EA700036C7F /* YBURLResponseSerialization.m */; };
		4C6507B9204F7EA700036C7F /* YBURLSessionManager.m in Sources */ = {isa = PBXBuildFile; fileRef = 4C6507AF204F7EA700036C7F /* YBURLSessionManager.m */; };
		4C6507BA204F7EA700036C7F /* RegularVerification.m in Sources */ = {isa = PBXBuildFile; fileRef = 4C6507B3204F7EA700036C7F /* RegularVerification.m */; };
		4C7333712051147E00A1D6F0 /* YBTextField.m in Sources */ = {isa = PBXBuildFile; fileRef = 4C73336C2051147E00A1D6F0 /* YBTextField.m */; };
		4C7333722051147E00A1D6F0 /* NSDate+YBAdd.m in Sources */ = {isa = PBXBuildFile; fileRef = 4C73336E2051147E00A1D6F0 /* NSDate+YBAdd.m */; };
		4C7333732051147E00A1D6F0 /* TestViewController.m in Sources */ = {isa = PBXBuildFile; fileRef = 4C7333702051147E00A1D6F0 /* TestViewController.m */; };
		4C73338C2051148800A1D6F0 /* YBAddressModel.m in Sources */ = {isa = PBXBuildFile; fileRef = 4C7333772051148800A1D6F0 /* YBAddressModel.m */; };
		4C73338D2051148800A1D6F0 /* YBAddressPickerView.m in Sources */ = {isa = PBXBuildFile; fileRef = 4C7333792051148800A1D6F0 /* YBAddressPickerView.m */; };
		4C73338E2051148800A1D6F0 /* YBCity.plist in Resources */ = {isa = PBXBuildFile; fileRef = 4C73337A2051148800A1D6F0 /* YBCity.plist */; };
		4C73338F2051148800A1D6F0 /* BaseView.m in Sources */ = {isa = PBXBuildFile; fileRef = 4C73337D2051148800A1D6F0 /* BaseView.m */; };
		4C7333902051148800A1D6F0 /* YBDatePickerView.m in Sources */ = {isa = PBXBuildFile; fileRef = 4C7333812051148800A1D6F0 /* YBDatePickerView.m */; };
		4C7333912051148800A1D6F0 /* YBStringPickerView.m in Sources */ = {isa = PBXBuildFile; fileRef = 4C7333842051148800A1D6F0 /* YBStringPickerView.m */; };
		4C7333922051148800A1D6F0 /* NSObject+YYModel.m in Sources */ = {isa = PBXBuildFile; fileRef = 4C7333882051148800A1D6F0 /* NSObject+YYModel.m */; };
		4C7333932051148800A1D6F0 /* YYClassInfo.m in Sources */ = {isa = PBXBuildFile; fileRef = 4C73338A2051148800A1D6F0 /* YYClassInfo.m */; };
/* End PBXBuildFile section */

/* Begin PBXContainerItemProxy section */
		4C63F85920044E2500276F9D /* PBXContainerItemProxy */ = {
			isa = PBXContainerItemProxy;
			containerPortal = 4C63F83820044E2500276F9D /* Project object */;
			proxyType = 1;
			remoteGlobalIDString = 4C63F83F20044E2500276F9D;
			remoteInfo = Ceshi;
		};
		4C63F86420044E2500276F9D /* PBXContainerItemProxy */ = {
			isa = PBXContainerItemProxy;
			containerPortal = 4C63F83820044E2500276F9D /* Project object */;
			proxyType = 1;
			remoteGlobalIDString = 4C63F83F20044E2500276F9D;
			remoteInfo = Ceshi;
		};
/* End PBXContainerItemProxy section */

/* Begin PBXFileReference section */
		4C5B416E2047E92500C3D04F /* PrefixHeader.pch */ = {isa = PBXFileReference; fileEncoding = 4; lastKnownFileType = sourcecode.c.h; path = PrefixHeader.pch; sourceTree = "<group>"; };
		4C63F84020044E2500276F9D /* Ceshi.app */ = {isa = PBXFileReference; explicitFileType = wrapper.application; includeInIndex = 0; path = Ceshi.app; sourceTree = BUILT_PRODUCTS_DIR; };
		4C63F84320044E2500276F9D /* AppDelegate.h */ = {isa = PBXFileReference; lastKnownFileType = sourcecode.c.h; path = AppDelegate.h; sourceTree = "<group>"; };
		4C63F84420044E2500276F9D /* AppDelegate.m */ = {isa = PBXFileReference; lastKnownFileType = sourcecode.c.objc; path = AppDelegate.m; sourceTree = "<group>"; };
		4C63F84620044E2500276F9D /* ViewController.h */ = {isa = PBXFileReference; lastKnownFileType = sourcecode.c.h; path = ViewController.h; sourceTree = "<group>"; };
		4C63F84720044E2500276F9D /* ViewController.m */ = {isa = PBXFileReference; lastKnownFileType = sourcecode.c.objc; path = ViewController.m; sourceTree = "<group>"; };
		4C63F84A20044E2500276F9D /* Base */ = {isa = PBXFileReference; lastKnownFileType = file.storyboard; name = Base; path = Base.lproj/Main.storyboard; sourceTree = "<group>"; };
		4C63F84C20044E2500276F9D /* Assets.xcassets */ = {isa = PBXFileReference; lastKnownFileType = folder.assetcatalog; path = Assets.xcassets; sourceTree = "<group>"; };
		4C63F84F20044E2500276F9D /* Base */ = {isa = PBXFileReference; lastKnownFileType = file.storyboard; name = Base; path = Base.lproj/LaunchScreen.storyboard; sourceTree = "<group>"; };
		4C63F85120044E2500276F9D /* Info.plist */ = {isa = PBXFileReference; lastKnownFileType = text.plist.xml; path = Info.plist; sourceTree = "<group>"; };
		4C63F85220044E2500276F9D /* main.m */ = {isa = PBXFileReference; lastKnownFileType = sourcecode.c.objc; path = main.m; sourceTree = "<group>"; };
		4C63F85820044E2500276F9D /* CeshiTests.xctest */ = {isa = PBXFileReference; explicitFileType = wrapper.cfbundle; includeInIndex = 0; path = CeshiTests.xctest; sourceTree = BUILT_PRODUCTS_DIR; };
		4C63F85C20044E2500276F9D /* CeshiTests.m */ = {isa = PBXFileReference; lastKnownFileType = sourcecode.c.objc; path = CeshiTests.m; sourceTree = "<group>"; };
		4C63F85E20044E2500276F9D /* Info.plist */ = {isa = PBXFileReference; lastKnownFileType = text.plist.xml; path = Info.plist; sourceTree = "<group>"; };
		4C63F86320044E2500276F9D /* CeshiUITests.xctest */ = {isa = PBXFileReference; explicitFileType = wrapper.cfbundle; includeInIndex = 0; path = CeshiUITests.xctest; sourceTree = BUILT_PRODUCTS_DIR; };
		4C63F86720044E2500276F9D /* CeshiUITests.m */ = {isa = PBXFileReference; lastKnownFileType = sourcecode.c.objc; path = CeshiUITests.m; sourceTree = "<group>"; };
		4C63F86920044E2500276F9D /* Info.plist */ = {isa = PBXFileReference; lastKnownFileType = text.plist.xml; path = Info.plist; sourceTree = "<group>"; };
		4C6507A3204F7EA700036C7F /* YBHTTPSessionManager.h */ = {isa = PBXFileReference; fileEncoding = 4; lastKnownFileType = sourcecode.c.h; path = YBHTTPSessionManager.h; sourceTree = "<group>"; };
		4C6507A4204F7EA700036C7F /* YBHTTPSessionManager.m */ = {isa = PBXFileReference; fileEncoding = 4; lastKnownFileType = sourcecode.c.objc; path = YBHTTPSessionManager.m; sourceTree = "<group>"; };
		4C6507A5204F7EA700036C7F /* YBNetworking.h */ = {isa = PBXFileReference; fileEncoding = 4; lastKnownFileType = sourcecode.c.h; path = YBNetworking.h; sourceTree = "<group>"; };
		4C6507A6204F7EA700036C7F /* YBNetworkReachabilityManager.h */ = {isa = PBXFileReference; fileEncoding = 4; lastKnownFileType = sourcecode.c.h; path = YBNetworkReachabilityManager.h; sourceTree = "<group>"; };
		4C6507A7204F7EA700036C7F /* YBNetworkReachabilityManager.m */ = {isa = PBXFileReference; fileEncoding = 4; lastKnownFileType = sourcecode.c.objc; path = YBNetworkReachabilityManager.m; sourceTree = "<group>"; };
		4C6507A8204F7EA700036C7F /* YBSecurityPolicy.h */ = {isa = PBXFileReference; fileEncoding = 4; lastKnownFileType = sourcecode.c.h; path = YBSecurityPolicy.h; sourceTree = "<group>"; };
		4C6507A9204F7EA700036C7F /* YBSecurityPolicy.m */ = {isa = PBXFileReference; fileEncoding = 4; lastKnownFileType = sourcecode.c.objc; path = YBSecurityPolicy.m; sourceTree = "<group>"; };
		4C6507AA204F7EA700036C7F /* YBURLRequestSerialization.h */ = {isa = PBXFileReference; fileEncoding = 4; lastKnownFileType = sourcecode.c.h; path = YBURLRequestSerialization.h; sourceTree = "<group>"; };
		4C6507AB204F7EA700036C7F /* YBURLRequestSerialization.m */ = {isa = PBXFileReference; fileEncoding = 4; lastKnownFileType = sourcecode.c.objc; path = YBURLRequestSerialization.m; sourceTree = "<group>"; };
		4C6507AC204F7EA700036C7F /* YBURLResponseSerialization.h */ = {isa = PBXFileReference; fileEncoding = 4; lastKnownFileType = sourcecode.c.h; path = YBURLResponseSerialization.h; sourceTree = "<group>"; };
		4C6507AD204F7EA700036C7F /* YBURLResponseSerialization.m */ = {isa = PBXFileReference; fileEncoding = 4; lastKnownFileType = sourcecode.c.objc; path = YBURLResponseSerialization.m; sourceTree = "<group>"; };
		4C6507AE204F7EA700036C7F /* YBURLSessionManager.h */ = {isa = PBXFileReference; fileEncoding = 4; lastKnownFileType = sourcecode.c.h; path = YBURLSessionManager.h; sourceTree = "<group>"; };
		4C6507AF204F7EA700036C7F /* YBURLSessionManager.m */ = {isa = PBXFileReference; fileEncoding = 4; lastKnownFileType = sourcecode.c.objc; path = YBURLSessionManager.m; sourceTree = "<group>"; };
		4C6507B2204F7EA700036C7F /* RegularVerification.h */ = {isa = PBXFileReference; fileEncoding = 4; lastKnownFileType = sourcecode.c.h; path = RegularVerification.h; sourceTree = "<group>"; };
		4C6507B3204F7EA700036C7F /* RegularVerification.m */ = {isa = PBXFileReference; fileEncoding = 4; lastKnownFileType = sourcecode.c.objc; path = RegularVerification.m; sourceTree = "<group>"; };
		4C73336B2051147E00A1D6F0 /* YBTextField.h */ = {isa = PBXFileReference; fileEncoding = 4; lastKnownFileType = sourcecode.c.h; path = YBTextField.h; sourceTree = "<group>"; };
		4C73336C2051147E00A1D6F0 /* YBTextField.m */ = {isa = PBXFileReference; fileEncoding = 4; lastKnownFileType = sourcecode.c.objc; path = YBTextField.m; sourceTree = "<group>"; };
		4C73336D2051147E00A1D6F0 /* NSDate+YBAdd.h */ = {isa = PBXFileReference; fileEncoding = 4; lastKnownFileType = sourcecode.c.h; path = "NSDate+YBAdd.h"; sourceTree = "<group>"; };
		4C73336E2051147E00A1D6F0 /* NSDate+YBAdd.m */ = {isa = PBXFileReference; fileEncoding = 4; lastKnownFileType = sourcecode.c.objc; path = "NSDate+YBAdd.m"; sourceTree = "<group>"; };
		4C73336F2051147E00A1D6F0 /* TestViewController.h */ = {isa = PBXFileReference; fileEncoding = 4; lastKnownFileType = sourcecode.c.h; path = TestViewController.h; sourceTree = "<group>"; };
		4C7333702051147E00A1D6F0 /* TestViewController.m */ = {isa = PBXFileReference; fileEncoding = 4; lastKnownFileType = sourcecode.c.objc; path = TestViewController.m; sourceTree = "<group>"; };
		4C7333762051148800A1D6F0 /* YBAddressModel.h */ = {isa = PBXFileReference; fileEncoding = 4; lastKnownFileType = sourcecode.c.h; path = YBAddressModel.h; sourceTree = "<group>"; };
		4C7333772051148800A1D6F0 /* YBAddressModel.m */ = {isa = PBXFileReference; fileEncoding = 4; lastKnownFileType = sourcecode.c.objc; path = YBAddressModel.m; sourceTree = "<group>"; };
		4C7333782051148800A1D6F0 /* YBAddressPickerView.h */ = {isa = PBXFileReference; fileEncoding = 4; lastKnownFileType = sourcecode.c.h; path = YBAddressPickerView.h; sourceTree = "<group>"; };
		4C7333792051148800A1D6F0 /* YBAddressPickerView.m */ = {isa = PBXFileReference; fileEncoding = 4; lastKnownFileType = sourcecode.c.objc; path = YBAddressPickerView.m; sourceTree = "<group>"; };
		4C73337A2051148800A1D6F0 /* YBCity.plist */ = {isa = PBXFileReference; fileEncoding = 4; lastKnownFileType = text.plist.xml; path = YBCity.plist; sourceTree = "<group>"; };
		4C73337C2051148800A1D6F0 /* BaseView.h */ = {isa = PBXFileReference; fileEncoding = 4; lastKnownFileType = sourcecode.c.h; path = BaseView.h; sourceTree = "<group>"; };
		4C73337D2051148800A1D6F0 /* BaseView.m */ = {isa = PBXFileReference; fileEncoding = 4; lastKnownFileType = sourcecode.c.objc; path = BaseView.m; sourceTree = "<group>"; };
		4C73337E2051148800A1D6F0 /* YBPickerView.h */ = {isa = PBXFileReference; fileEncoding = 4; lastKnownFileType = sourcecode.c.h; path = YBPickerView.h; sourceTree = "<group>"; };
		4C7333802051148800A1D6F0 /* YBDatePickerView.h */ = {isa = PBXFileReference; fileEncoding = 4; lastKnownFileType = sourcecode.c.h; path = YBDatePickerView.h; sourceTree = "<group>"; };
		4C7333812051148800A1D6F0 /* YBDatePickerView.m */ = {isa = PBXFileReference; fileEncoding = 4; lastKnownFileType = sourcecode.c.objc; path = YBDatePickerView.m; sourceTree = "<group>"; };
		4C7333832051148800A1D6F0 /* YBStringPickerView.h */ = {isa = PBXFileReference; fileEncoding = 4; lastKnownFileType = sourcecode.c.h; path = YBStringPickerView.h; sourceTree = "<group>"; };
		4C7333842051148800A1D6F0 /* YBStringPickerView.m */ = {isa = PBXFileReference; fileEncoding = 4; lastKnownFileType = sourcecode.c.objc; path = YBStringPickerView.m; sourceTree = "<group>"; };
		4C7333872051148800A1D6F0 /* NSObject+YYModel.h */ = {isa = PBXFileReference; fileEncoding = 4; lastKnownFileType = sourcecode.c.h; path = "NSObject+YYModel.h"; sourceTree = "<group>"; };
		4C7333882051148800A1D6F0 /* NSObject+YYModel.m */ = {isa = PBXFileReference; fileEncoding = 4; lastKnownFileType = sourcecode.c.objc; path = "NSObject+YYModel.m"; sourceTree = "<group>"; };
		4C7333892051148800A1D6F0 /* YYClassInfo.h */ = {isa = PBXFileReference; fileEncoding = 4; lastKnownFileType = sourcecode.c.h; path = YYClassInfo.h; sourceTree = "<group>"; };
		4C73338A2051148800A1D6F0 /* YYClassInfo.m */ = {isa = PBXFileReference; fileEncoding = 4; lastKnownFileType = sourcecode.c.objc; path = YYClassInfo.m; sourceTree = "<group>"; };
		4C73338B2051148800A1D6F0 /* YYModel.h */ = {isa = PBXFileReference; fileEncoding = 4; lastKnownFileType = sourcecode.c.h; path = YYModel.h; sourceTree = "<group>"; };
/* End PBXFileReference section */

/* Begin PBXFrameworksBuildPhase section */
		4C63F83D20044E2500276F9D /* Frameworks */ = {
			isa = PBXFrameworksBuildPhase;
			buildActionMask = 2147483647;
			files = (
			);
			runOnlyForDeploymentPostprocessing = 0;
		};
		4C63F85520044E2500276F9D /* Frameworks */ = {
			isa = PBXFrameworksBuildPhase;
			buildActionMask = 2147483647;
			files = (
			);
			runOnlyForDeploymentPostprocessing = 0;
		};
		4C63F86020044E2500276F9D /* Frameworks */ = {
			isa = PBXFrameworksBuildPhase;
			buildActionMask = 2147483647;
			files = (
			);
			runOnlyForDeploymentPostprocessing = 0;
		};
/* End PBXFrameworksBuildPhase section */

/* Begin PBXGroup section */
		4C63F83720044E2500276F9D = {
			isa = PBXGroup;
			children = (
				4C63F84220044E2500276F9D /* Ceshi */,
				4C63F85B20044E2500276F9D /* CeshiTests */,
				4C63F86620044E2500276F9D /* CeshiUITests */,
				4C63F84120044E2500276F9D /* Products */,
			);
			sourceTree = "<group>";
		};
		4C63F84120044E2500276F9D /* Products */ = {
			isa = PBXGroup;
			children = (
				4C63F84020044E2500276F9D /* Ceshi.app */,
				4C63F85820044E2500276F9D /* CeshiTests.xctest */,
				4C63F86320044E2500276F9D /* CeshiUITests.xctest */,
			);
			name = Products;
			sourceTree = "<group>";
		};
		4C63F84220044E2500276F9D /* Ceshi */ = {
			isa = PBXGroup;
			children = (
				4C73336A2051147E00A1D6F0 /* Classes */,
				4C6507A0204F7EA700036C7F /* ThirdParty */,
				4C63F84320044E2500276F9D /* AppDelegate.h */,
				4C63F84420044E2500276F9D /* AppDelegate.m */,
				4C63F84620044E2500276F9D /* ViewController.h */,
				4C63F84720044E2500276F9D /* ViewController.m */,
				4C63F84920044E2500276F9D /* Main.storyboard */,
				4C63F84C20044E2500276F9D /* Assets.xcassets */,
				4C63F84E20044E2500276F9D /* LaunchScreen.storyboard */,
				4C63F85120044E2500276F9D /* Info.plist */,
				4C63F85220044E2500276F9D /* main.m */,
				4C5B416E2047E92500C3D04F /* PrefixHeader.pch */,
			);
			path = Ceshi;
			sourceTree = "<group>";
		};
		4C63F85B20044E2500276F9D /* CeshiTests */ = {
			isa = PBXGroup;
			children = (
				4C63F85C20044E2500276F9D /* CeshiTests.m */,
				4C63F85E20044E2500276F9D /* Info.plist */,
			);
			path = CeshiTests;
			sourceTree = "<group>";
		};
		4C63F86620044E2500276F9D /* CeshiUITests */ = {
			isa = PBXGroup;
			children = (
				4C63F86720044E2500276F9D /* CeshiUITests.m */,
				4C63F86920044E2500276F9D /* Info.plist */,
			);
			path = CeshiUITests;
			sourceTree = "<group>";
		};
		4C6507A0204F7EA700036C7F /* ThirdParty */ = {
			isa = PBXGroup;
			children = (
				4C6507A1204F7EA700036C7F /* HTTPTool */,
				4C6507B0204F7EA700036C7F /* OtherTool */,
			);
			path = ThirdParty;
			sourceTree = SOURCE_ROOT;
		};
		4C6507A1204F7EA700036C7F /* HTTPTool */ = {
			isa = PBXGroup;
			children = (
				4C6507A2204F7EA700036C7F /* YBNetworking */,
			);
			path = HTTPTool;
			sourceTree = "<group>";
		};
		4C6507A2204F7EA700036C7F /* YBNetworking */ = {
			isa = PBXGroup;
			children = (
				4C6507A3204F7EA700036C7F /* YBHTTPSessionManager.h */,
				4C6507A4204F7EA700036C7F /* YBHTTPSessionManager.m */,
				4C6507A5204F7EA700036C7F /* YBNetworking.h */,
				4C6507A6204F7EA700036C7F /* YBNetworkReachabilityManager.h */,
				4C6507A7204F7EA700036C7F /* YBNetworkReachabilityManager.m */,
				4C6507A8204F7EA700036C7F /* YBSecurityPolicy.h */,
				4C6507A9204F7EA700036C7F /* YBSecurityPolicy.m */,
				4C6507AA204F7EA700036C7F /* YBURLRequestSerialization.h */,
				4C6507AB204F7EA700036C7F /* YBURLRequestSerialization.m */,
				4C6507AC204F7EA700036C7F /* YBURLResponseSerialization.h */,
				4C6507AD204F7EA700036C7F /* YBURLResponseSerialization.m */,
				4C6507AE204F7EA700036C7F /* YBURLSessionManager.h */,
				4C6507AF204F7EA700036C7F /* YBURLSessionManager.m */,
			);
			path = YBNetworking;
			sourceTree = "<group>";
		};
		4C6507B0204F7EA700036C7F /* OtherTool */ = {
			isa = PBXGroup;
			children = (
				4C7333742051148800A1D6F0 /* BRPickerView */,
				4C6507B1204F7EA700036C7F /* RegularVerification */,
			);
			path = OtherTool;
			sourceTree = "<group>";
		};
		4C6507B1204F7EA700036C7F /* RegularVerification */ = {
			isa = PBXGroup;
			children = (
				4C6507B2204F7EA700036C7F /* RegularVerification.h */,
				4C6507B3204F7EA700036C7F /* RegularVerification.m */,
			);
			path = RegularVerification;
			sourceTree = "<group>";
		};
		4C73336A2051147E00A1D6F0 /* Classes */ = {
			isa = PBXGroup;
			children = (
				4C73336B2051147E00A1D6F0 /* YBTextField.h */,
				4C73336C2051147E00A1D6F0 /* YBTextField.m */,
				4C73336D2051147E00A1D6F0 /* NSDate+YBAdd.h */,
				4C73336E2051147E00A1D6F0 /* NSDate+YBAdd.m */,
				4C73336F2051147E00A1D6F0 /* TestViewController.h */,
				4C7333702051147E00A1D6F0 /* TestViewController.m */,
			);
			name = Classes;
			path = ThirdParty/Classes;
			sourceTree = SOURCE_ROOT;
		};
		4C7333742051148800A1D6F0 /* BRPickerView */ = {
			isa = PBXGroup;
			children = (
				4C7333752051148800A1D6F0 /* AddressPickerView */,
				4C73337B2051148800A1D6F0 /* Base */,
				4C73337E2051148800A1D6F0 /* YBPickerView.h */,
				4C73337F2051148800A1D6F0 /* DatePickerView */,
				4C7333822051148800A1D6F0 /* StringPickerView */,
				4C7333852051148800A1D6F0 /* Vendor */,
			);
			path = BRPickerView;
			sourceTree = "<group>";
		};
		4C7333752051148800A1D6F0 /* AddressPickerView */ = {
			isa = PBXGroup;
			children = (
				4C7333762051148800A1D6F0 /* YBAddressModel.h */,
				4C7333772051148800A1D6F0 /* YBAddressModel.m */,
				4C7333782051148800A1D6F0 /* YBAddressPickerView.h */,
				4C7333792051148800A1D6F0 /* YBAddressPickerView.m */,
				4C73337A2051148800A1D6F0 /* YBCity.plist */,
			);
			path = AddressPickerView;
			sourceTree = "<group>";
		};
		4C73337B2051148800A1D6F0 /* Base */ = {
			isa = PBXGroup;
			children = (
				4C73337C2051148800A1D6F0 /* BaseView.h */,
				4C73337D2051148800A1D6F0 /* BaseView.m */,
			);
			path = Base;
			sourceTree = "<group>";
		};
		4C73337F2051148800A1D6F0 /* DatePickerView */ = {
			isa = PBXGroup;
			children = (
				4C7333802051148800A1D6F0 /* YBDatePickerView.h */,
				4C7333812051148800A1D6F0 /* YBDatePickerView.m */,
			);
			path = DatePickerView;
			sourceTree = "<group>";
		};
		4C7333822051148800A1D6F0 /* StringPickerView */ = {
			isa = PBXGroup;
			children = (
				4C7333832051148800A1D6F0 /* YBStringPickerView.h */,
				4C7333842051148800A1D6F0 /* YBStringPickerView.m */,
			);
			path = StringPickerView;
			sourceTree = "<group>";
		};
		4C7333852051148800A1D6F0 /* Vendor */ = {
			isa = PBXGroup;
			children = (
				4C7333862051148800A1D6F0 /* YYModel */,
			);
			path = Vendor;
			sourceTree = "<group>";
		};
		4C7333862051148800A1D6F0 /* YYModel */ = {
			isa = PBXGroup;
			children = (
				4C7333872051148800A1D6F0 /* NSObject+YYModel.h */,
				4C7333882051148800A1D6F0 /* NSObject+YYModel.m */,
				4C7333892051148800A1D6F0 /* YYClassInfo.h */,
				4C73338A2051148800A1D6F0 /* YYClassInfo.m */,
				4C73338B2051148800A1D6F0 /* YYModel.h */,
			);
			path = YYModel;
			sourceTree = "<group>";
		};
/* End PBXGroup section */

/* Begin PBXNativeTarget section */
		4C63F83F20044E2500276F9D /* Ceshi */ = {
			isa = PBXNativeTarget;
			buildConfigurationList = 4C63F86C20044E2500276F9D /* Build configuration list for PBXNativeTarget "Ceshi" */;
			buildPhases = (
				4C63F83C20044E2500276F9D /* Sources */,
				4C63F83D20044E2500276F9D /* Frameworks */,
				4C63F83E20044E2500276F9D /* Resources */,
			);
			buildRules = (
			);
			dependencies = (
			);
			name = Ceshi;
			productName = Ceshi;
			productReference = 4C63F84020044E2500276F9D /* Ceshi.app */;
			productType = "com.apple.product-type.application";
		};
		4C63F85720044E2500276F9D /* CeshiTests */ = {
			isa = PBXNativeTarget;
			buildConfigurationList = 4C63F86F20044E2500276F9D /* Build configuration list for PBXNativeTarget "CeshiTests" */;
			buildPhases = (
				4C63F85420044E2500276F9D /* Sources */,
				4C63F85520044E2500276F9D /* Frameworks */,
				4C63F85620044E2500276F9D /* Resources */,
			);
			buildRules = (
			);
			dependencies = (
				4C63F85A20044E2500276F9D /* PBXTargetDependency */,
			);
			name = CeshiTests;
			productName = CeshiTests;
			productReference = 4C63F85820044E2500276F9D /* CeshiTests.xctest */;
			productType = "com.apple.product-type.bundle.unit-test";
		};
		4C63F86220044E2500276F9D /* CeshiUITests */ = {
			isa = PBXNativeTarget;
			buildConfigurationList = 4C63F87220044E2500276F9D /* Build configuration list for PBXNativeTarget "CeshiUITests" */;
			buildPhases = (
				4C63F85F20044E2500276F9D /* Sources */,
				4C63F86020044E2500276F9D /* Frameworks */,
				4C63F86120044E2500276F9D /* Resources */,
			);
			buildRules = (
			);
			dependencies = (
				4C63F86520044E2500276F9D /* PBXTargetDependency */,
			);
			name = CeshiUITests;
			productName = CeshiUITests;
			productReference = 4C63F86320044E2500276F9D /* CeshiUITests.xctest */;
			productType = "com.apple.product-type.bundle.ui-testing";
		};
/* End PBXNativeTarget section */

/* Begin PBXProject section */
		4C63F83820044E2500276F9D /* Project object */ = {
			isa = PBXProject;
			attributes = {
				LastUpgradeCheck = 0920;
				ORGANIZATIONNAME = "王晨辉";
				TargetAttributes = {
					4C63F83F20044E2500276F9D = {
						CreatedOnToolsVersion = 9.2;
						ProvisioningStyle = Automatic;
					};
					4C63F85720044E2500276F9D = {
						CreatedOnToolsVersion = 9.2;
						ProvisioningStyle = Automatic;
						TestTargetID = 4C63F83F20044E2500276F9D;
					};
					4C63F86220044E2500276F9D = {
						CreatedOnToolsVersion = 9.2;
						ProvisioningStyle = Automatic;
						TestTargetID = 4C63F83F20044E2500276F9D;
					};
				};
			};
			buildConfigurationList = 4C63F83B20044E2500276F9D /* Build configuration list for PBXProject "Ceshi" */;
			compatibilityVersion = "Xcode 8.0";
			developmentRegion = en;
			hasScannedForEncodings = 0;
			knownRegions = (
				en,
				Base,
			);
			mainGroup = 4C63F83720044E2500276F9D;
			productRefGroup = 4C63F84120044E2500276F9D /* Products */;
			projectDirPath = "";
			projectRoot = "";
			targets = (
				4C63F83F20044E2500276F9D /* Ceshi */,
				4C63F85720044E2500276F9D /* CeshiTests */,
				4C63F86220044E2500276F9D /* CeshiUITests */,
			);
		};
/* End PBXProject section */

/* Begin PBXResourcesBuildPhase section */
		4C63F83E20044E2500276F9D /* Resources */ = {
			isa = PBXResourcesBuildPhase;
			buildActionMask = 2147483647;
			files = (
				4C63F85020044E2500276F9D /* LaunchScreen.storyboard in Resources */,
				4C63F84D20044E2500276F9D /* Assets.xcassets in Resources */,
				4C63F84B20044E2500276F9D /* Main.storyboard in Resources */,
				4C73338E2051148800A1D6F0 /* YBCity.plist in Resources */,
			);
			runOnlyForDeploymentPostprocessing = 0;
		};
		4C63F85620044E2500276F9D /* Resources */ = {
			isa = PBXResourcesBuildPhase;
			buildActionMask = 2147483647;
			files = (
			);
			runOnlyForDeploymentPostprocessing = 0;
		};
		4C63F86120044E2500276F9D /* Resources */ = {
			isa = PBXResourcesBuildPhase;
			buildActionMask = 2147483647;
			files = (
			);
			runOnlyForDeploymentPostprocessing = 0;
		};
/* End PBXResourcesBuildPhase section */

/* Begin PBXSourcesBuildPhase section */
		4C63F83C20044E2500276F9D /* Sources */ = {
			isa = PBXSourcesBuildPhase;
			buildActionMask = 2147483647;
			files = (
				4C7333922051148800A1D6F0 /* NSObject+YYModel.m in Sources */,
				4C6507B6204F7EA700036C7F /* YBSecurityPolicy.m in Sources */,
				4C7333732051147E00A1D6F0 /* TestViewController.m in Sources */,
				4C6507B9204F7EA700036C7F /* YBURLSessionManager.m in Sources */,
				4C7333912051148800A1D6F0 /* YBStringPickerView.m in Sources */,
				4C73338D2051148800A1D6F0 /* YBAddressPickerView.m in Sources */,
				4C63F84820044E2500276F9D /* ViewController.m in Sources */,
				4C7333902051148800A1D6F0 /* YBDatePickerView.m in Sources */,
				4C7333932051148800A1D6F0 /* YYClassInfo.m in Sources */,
				4C6507BA204F7EA700036C7F /* RegularVerification.m in Sources */,
				4C7333712051147E00A1D6F0 /* YBTextField.m in Sources */,
				4C73338C2051148800A1D6F0 /* YBAddressModel.m in Sources */,
				4C6507B8204F7EA700036C7F /* YBURLResponseSerialization.m in Sources */,
				4C6507B7204F7EA700036C7F /* YBURLRequestSerialization.m in Sources */,
				4C6507B5204F7EA700036C7F /* YBNetworkReachabilityManager.m in Sources */,
				4C73338F2051148800A1D6F0 /* BaseView.m in Sources */,
				4C7333722051147E00A1D6F0 /* NSDate+YBAdd.m in Sources */,
				4C63F85320044E2500276F9D /* main.m in Sources */,
				4C63F84520044E2500276F9D /* AppDelegate.m in Sources */,
				4C6507B4204F7EA700036C7F /* YBHTTPSessionManager.m in Sources */,
			);
			runOnlyForDeploymentPostprocessing = 0;
		};
		4C63F85420044E2500276F9D /* Sources */ = {
			isa = PBXSourcesBuildPhase;
			buildActionMask = 2147483647;
			files = (
				4C63F85D20044E2500276F9D /* CeshiTests.m in Sources */,
			);
			runOnlyForDeploymentPostprocessing = 0;
		};
		4C63F85F20044E2500276F9D /* Sources */ = {
			isa = PBXSourcesBuildPhase;
			buildActionMask = 2147483647;
			files = (
				4C63F86820044E2500276F9D /* CeshiUITests.m in Sources */,
			);
			runOnlyForDeploymentPostprocessing = 0;
		};
/* End PBXSourcesBuildPhase section */

/* Begin PBXTargetDependency section */
		4C63F85A20044E2500276F9D /* PBXTargetDependency */ = {
			isa = PBXTargetDependency;
			target = 4C63F83F20044E2500276F9D /* Ceshi */;
			targetProxy = 4C63F85920044E2500276F9D /* PBXContainerItemProxy */;
		};
		4C63F86520044E2500276F9D /* PBXTargetDependency */ = {
			isa = PBXTargetDependency;
			target = 4C63F83F20044E2500276F9D /* Ceshi */;
			targetProxy = 4C63F86420044E2500276F9D /* PBXContainerItemProxy */;
		};
/* End PBXTargetDependency section */

/* Begin PBXVariantGroup section */
		4C63F84920044E2500276F9D /* Main.storyboard */ = {
			isa = PBXVariantGroup;
			children = (
				4C63F84A20044E2500276F9D /* Base */,
			);
			name = Main.storyboard;
			sourceTree = "<group>";
		};
		4C63F84E20044E2500276F9D /* LaunchScreen.storyboard */ = {
			isa = PBXVariantGroup;
			children = (
				4C63F84F20044E2500276F9D /* Base */,
			);
			name = LaunchScreen.storyboard;
			sourceTree = "<group>";
		};
/* End PBXVariantGroup section */

/* Begin XCBuildConfiguration section */
		4C63F86A20044E2500276F9D /* Debug */ = {
			isa = XCBuildConfiguration;
			buildSettings = {
				ALWAYS_SEARCH_USER_PATHS = NO;
				CLANG_ANALYZER_NONNULL = YES;
				CLANG_ANALYZER_NUMBER_OBJECT_CONVERSION = YES_AGGRESSIVE;
				CLANG_CXX_LANGUAGE_STANDARD = "gnu++14";
				CLANG_CXX_LIBRARY = "libc++";
				CLANG_ENABLE_MODULES = YES;
				CLANG_ENABLE_OBJC_ARC = YES;
				CLANG_WARN_BLOCK_CAPTURE_AUTORELEASING = YES;
				CLANG_WARN_BOOL_CONVERSION = YES;
				CLANG_WARN_COMMA = YES;
				CLANG_WARN_CONSTANT_CONVERSION = YES;
				CLANG_WARN_DIRECT_OBJC_ISA_USAGE = YES_ERROR;
				CLANG_WARN_DOCUMENTATION_COMMENTS = YES;
				CLANG_WARN_EMPTY_BODY = YES;
				CLANG_WARN_ENUM_CONVERSION = YES;
				CLANG_WARN_INFINITE_RECURSION = YES;
				CLANG_WARN_INT_CONVERSION = YES;
				CLANG_WARN_NON_LITERAL_NULL_CONVERSION = YES;
				CLANG_WARN_OBJC_LITERAL_CONVERSION = YES;
				CLANG_WARN_OBJC_ROOT_CLASS = YES_ERROR;
				CLANG_WARN_RANGE_LOOP_ANALYSIS = YES;
				CLANG_WARN_STRICT_PROTOTYPES = YES;
				CLANG_WARN_SUSPICIOUS_MOVE = YES;
				CLANG_WARN_UNGUARDED_AVAILABILITY = YES_AGGRESSIVE;
				CLANG_WARN_UNREACHABLE_CODE = YES;
				CLANG_WARN__DUPLICATE_METHOD_MATCH = YES;
				CODE_SIGN_IDENTITY = "iPhone Developer";
				COPY_PHASE_STRIP = NO;
				DEBUG_INFORMATION_FORMAT = dwarf;
				ENABLE_STRICT_OBJC_MSGSEND = YES;
				ENABLE_TESTABILITY = YES;
				GCC_C_LANGUAGE_STANDARD = gnu11;
				GCC_DYNAMIC_NO_PIC = NO;
				GCC_NO_COMMON_BLOCKS = YES;
				GCC_OPTIMIZATION_LEVEL = 0;
				GCC_PREPROCESSOR_DEFINITIONS = (
					"DEBUG=1",
					"$(inherited)",
				);
				GCC_WARN_64_TO_32_BIT_CONVERSION = YES;
				GCC_WARN_ABOUT_RETURN_TYPE = YES_ERROR;
				GCC_WARN_UNDECLARED_SELECTOR = YES;
				GCC_WARN_UNINITIALIZED_AUTOS = YES_AGGRESSIVE;
				GCC_WARN_UNUSED_FUNCTION = YES;
				GCC_WARN_UNUSED_VARIABLE = YES;
				IPHONEOS_DEPLOYMENT_TARGET = 11.2;
				MTL_ENABLE_DEBUG_INFO = YES;
				ONLY_ACTIVE_ARCH = YES;
				SDKROOT = iphoneos;
			};
			name = Debug;
		};
		4C63F86B20044E2500276F9D /* Release */ = {
			isa = XCBuildConfiguration;
			buildSettings = {
				ALWAYS_SEARCH_USER_PATHS = NO;
				CLANG_ANALYZER_NONNULL = YES;
				CLANG_ANALYZER_NUMBER_OBJECT_CONVERSION = YES_AGGRESSIVE;
				CLANG_CXX_LANGUAGE_STANDARD = "gnu++14";
				CLANG_CXX_LIBRARY = "libc++";
				CLANG_ENABLE_MODULES = YES;
				CLANG_ENABLE_OBJC_ARC = YES;
				CLANG_WARN_BLOCK_CAPTURE_AUTORELEASING = YES;
				CLANG_WARN_BOOL_CONVERSION = YES;
				CLANG_WARN_COMMA = YES;
				CLANG_WARN_CONSTANT_CONVERSION = YES;
				CLANG_WARN_DIRECT_OBJC_ISA_USAGE = YES_ERROR;
				CLANG_WARN_DOCUMENTATION_COMMENTS = YES;
				CLANG_WARN_EMPTY_BODY = YES;
				CLANG_WARN_ENUM_CONVERSION = YES;
				CLANG_WARN_INFINITE_RECURSION = YES;
				CLANG_WARN_INT_CONVERSION = YES;
				CLANG_WARN_NON_LITERAL_NULL_CONVERSION = YES;
				CLANG_WARN_OBJC_LITERAL_CONVERSION = YES;
				CLANG_WARN_OBJC_ROOT_CLASS = YES_ERROR;
				CLANG_WARN_RANGE_LOOP_ANALYSIS = YES;
				CLANG_WARN_STRICT_PROTOTYPES = YES;
				CLANG_WARN_SUSPICIOUS_MOVE = YES;
				CLANG_WARN_UNGUARDED_AVAILABILITY = YES_AGGRESSIVE;
				CLANG_WARN_UNREACHABLE_CODE = YES;
				CLANG_WARN__DUPLICATE_METHOD_MATCH = YES;
				CODE_SIGN_IDENTITY = "iPhone Developer";
				COPY_PHASE_STRIP = NO;
				DEBUG_INFORMATION_FORMAT = "dwarf-with-dsym";
				ENABLE_NS_ASSERTIONS = NO;
				ENABLE_STRICT_OBJC_MSGSEND = YES;
				GCC_C_LANGUAGE_STANDARD = gnu11;
				GCC_NO_COMMON_BLOCKS = YES;
				GCC_WARN_64_TO_32_BIT_CONVERSION = YES;
				GCC_WARN_ABOUT_RETURN_TYPE = YES_ERROR;
				GCC_WARN_UNDECLARED_SELECTOR = YES;
				GCC_WARN_UNINITIALIZED_AUTOS = YES_AGGRESSIVE;
				GCC_WARN_UNUSED_FUNCTION = YES;
				GCC_WARN_UNUSED_VARIABLE = YES;
				IPHONEOS_DEPLOYMENT_TARGET = 11.2;
				MTL_ENABLE_DEBUG_INFO = NO;
				SDKROOT = iphoneos;
				VALIDATE_PRODUCT = YES;
			};
			name = Release;
		};
		4C63F86D20044E2500276F9D /* Debug */ = {
			isa = XCBuildConfiguration;
			buildSettings = {
				ASSETCATALOG_COMPILER_APPICON_NAME = AppIcon;
				CODE_SIGN_STYLE = Automatic;
				DEVELOPMENT_TEAM = 3BY8U2V926;
				FRAMEWORK_SEARCH_PATHS = (
					"$(inherited)",
					"$(PROJECT_DIR)",
					"\"$(SRCROOT)\"",
				);
				GCC_PREFIX_HEADER = "/Users/eslyanbo/Desktop/我的Git/TestGit/Ceshi/PrefixHeader.pch";
				HEADER_SEARCH_PATHS = "\"$(SRCROOT)/Equipment.framework\"";
				INFOPLIST_FILE = Ceshi/Info.plist;
				IPHONEOS_DEPLOYMENT_TARGET = 8.0;
				LD_RUNPATH_SEARCH_PATHS = "$(inherited) @executable_path/Frameworks";
				PRODUCT_BUNDLE_IDENTIFIER = com.yanbo.Ceshi;
				PRODUCT_NAME = "$(TARGET_NAME)";
				TARGETED_DEVICE_FAMILY = "1,2";
			};
			name = Debug;
		};
		4C63F86E20044E2500276F9D /* Release */ = {
			isa = XCBuildConfiguration;
			buildSettings = {
				ASSETCATALOG_COMPILER_APPICON_NAME = AppIcon;
				CODE_SIGN_STYLE = Automatic;
				DEVELOPMENT_TEAM = 3BY8U2V926;
				FRAMEWORK_SEARCH_PATHS = (
					"$(inherited)",
					"$(PROJECT_DIR)",
					"\"$(SRCROOT)\"",
				);
				GCC_PREFIX_HEADER = "/Users/eslyanbo/Desktop/我的Git/TestGit/Ceshi/PrefixHeader.pch";
				HEADER_SEARCH_PATHS = "\"$(SRCROOT)/Equipment.framework\"";
				INFOPLIST_FILE = Ceshi/Info.plist;
				IPHONEOS_DEPLOYMENT_TARGET = 8.0;
				LD_RUNPATH_SEARCH_PATHS = "$(inherited) @executable_path/Frameworks";
				PRODUCT_BUNDLE_IDENTIFIER = com.yanbo.Ceshi;
				PRODUCT_NAME = "$(TARGET_NAME)";
				TARGETED_DEVICE_FAMILY = "1,2";
			};
			name = Release;
		};
		4C63F87020044E2500276F9D /* Debug */ = {
			isa = XCBuildConfiguration;
			buildSettings = {
				BUNDLE_LOADER = "$(TEST_HOST)";
				CODE_SIGN_STYLE = Automatic;
				INFOPLIST_FILE = CeshiTests/Info.plist;
				LD_RUNPATH_SEARCH_PATHS = "$(inherited) @executable_path/Frameworks @loader_path/Frameworks";
				PRODUCT_BUNDLE_IDENTIFIER = com.yanbo.CeshiTests;
				PRODUCT_NAME = "$(TARGET_NAME)";
				TARGETED_DEVICE_FAMILY = "1,2";
				TEST_HOST = "$(BUILT_PRODUCTS_DIR)/Ceshi.app/Ceshi";
			};
			name = Debug;
		};
		4C63F87120044E2500276F9D /* Release */ = {
			isa = XCBuildConfiguration;
			buildSettings = {
				BUNDLE_LOADER = "$(TEST_HOST)";
				CODE_SIGN_STYLE = Automatic;
				INFOPLIST_FILE = CeshiTests/Info.plist;
				LD_RUNPATH_SEARCH_PATHS = "$(inherited) @executable_path/Frameworks @loader_path/Frameworks";
				PRODUCT_BUNDLE_IDENTIFIER = com.yanbo.CeshiTests;
				PRODUCT_NAME = "$(TARGET_NAME)";
				TARGETED_DEVICE_FAMILY = "1,2";
				TEST_HOST = "$(BUILT_PRODUCTS_DIR)/Ceshi.app/Ceshi";
			};
			name = Release;
		};
		4C63F87320044E2500276F9D /* Debug */ = {
			isa = XCBuildConfiguration;
			buildSettings = {
				CODE_SIGN_STYLE = Automatic;
				INFOPLIST_FILE = CeshiUITests/Info.plist;
				LD_RUNPATH_SEARCH_PATHS = "$(inherited) @executable_path/Frameworks @loader_path/Frameworks";
				PRODUCT_BUNDLE_IDENTIFIER = com.yanbo.CeshiUITests;
				PRODUCT_NAME = "$(TARGET_NAME)";
				TARGETED_DEVICE_FAMILY = "1,2";
				TEST_TARGET_NAME = Ceshi;
			};
			name = Debug;
		};
		4C63F87420044E2500276F9D /* Release */ = {
			isa = XCBuildConfiguration;
			buildSettings = {
				CODE_SIGN_STYLE = Automatic;
				INFOPLIST_FILE = CeshiUITests/Info.plist;
				LD_RUNPATH_SEARCH_PATHS = "$(inherited) @executable_path/Frameworks @loader_path/Frameworks";
				PRODUCT_BUNDLE_IDENTIFIER = com.yanbo.CeshiUITests;
				PRODUCT_NAME = "$(TARGET_NAME)";
				TARGETED_DEVICE_FAMILY = "1,2";
				TEST_TARGET_NAME = Ceshi;
			};
			name = Release;
		};
/* End XCBuildConfiguration section */

/* Begin XCConfigurationList section */
		4C63F83B20044E2500276F9D /* Build configuration list for PBXProject "Ceshi" */ = {
			isa = XCConfigurationList;
			buildConfigurations = (
				4C63F86A20044E2500276F9D /* Debug */,
				4C63F86B20044E2500276F9D /* Release */,
			);
			defaultConfigurationIsVisible = 0;
			defaultConfigurationName = Release;
		};
		4C63F86C20044E2500276F9D /* Build configuration list for PBXNativeTarget "Ceshi" */ = {
			isa = XCConfigurationList;
			buildConfigurations = (
				4C63F86D20044E2500276F9D /* Debug */,
				4C63F86E20044E2500276F9D /* Release */,
			);
			defaultConfigurationIsVisible = 0;
			defaultConfigurationName = Release;
		};
		4C63F86F20044E2500276F9D /* Build configuration list for PBXNativeTarget "CeshiTests" */ = {
			isa = XCConfigurationList;
			buildConfigurations = (
				4C63F87020044E2500276F9D /* Debug */,
				4C63F87120044E2500276F9D /* Release */,
			);
			defaultConfigurationIsVisible = 0;
			defaultConfigurationName = Release;
		};
		4C63F87220044E2500276F9D /* Build configuration list for PBXNativeTarget "CeshiUITests" */ = {
			isa = XCConfigurationList;
			buildConfigurations = (
				4C63F87320044E2500276F9D /* Debug */,
				4C63F87420044E2500276F9D /* Release */,
			);
			defaultConfigurationIsVisible = 0;
			defaultConfigurationName = Release;
		};
/* End XCConfigurationList section */
	};
	rootObject = 4C63F83820044E2500276F9D /* Project object */;
}
